// !$*UTF8*$!
{
	archiveVersion = 1;
	classes = {
	};
	objectVersion = 56;
	objects = {

/* Begin PBXBuildFile section */
		AB17520E6134095D08F8F36A /* Pods_SalonatStationApp.framework in Frameworks */ = {isa = PBXBuildFile; fileRef = 0A7083AAE2C81AFB98DAA750 /* Pods_SalonatStationApp.framework */; };
		F209EED12ADC7A7C00528186 /* AppDelegate.swift in Sources */ = {isa = PBXBuildFile; fileRef = F209EED02ADC7A7C00528186 /* AppDelegate.swift */; };
		F209EED32ADC7A7C00528186 /* SceneDelegate.swift in Sources */ = {isa = PBXBuildFile; fileRef = F209EED22ADC7A7C00528186 /* SceneDelegate.swift */; };
		F209EED52ADC7A7C00528186 /* ViewController.swift in Sources */ = {isa = PBXBuildFile; fileRef = F209EED42ADC7A7C00528186 /* ViewController.swift */; };
		F209EED82ADC7A7C00528186 /* Main.storyboard in Resources */ = {isa = PBXBuildFile; fileRef = F209EED62ADC7A7C00528186 /* Main.storyboard */; };
		F209EEDA2ADC7A7E00528186 /* Assets.xcassets in Resources */ = {isa = PBXBuildFile; fileRef = F209EED92ADC7A7E00528186 /* Assets.xcassets */; };
		F209EEDD2ADC7A7E00528186 /* LaunchScreen.storyboard in Resources */ = {isa = PBXBuildFile; fileRef = F209EEDB2ADC7A7E00528186 /* LaunchScreen.storyboard */; };
		F209EEED2ADC82F500528186 /* Cairo-ExtraLight.ttf in Resources */ = {isa = PBXBuildFile; fileRef = F209EEE52ADC82F400528186 /* Cairo-ExtraLight.ttf */; };
		F209EEEE2ADC82F500528186 /* Cairo-Light.ttf in Resources */ = {isa = PBXBuildFile; fileRef = F209EEE62ADC82F400528186 /* Cairo-Light.ttf */; };
		F209EEEF2ADC82F500528186 /* Cairo-Bold.ttf in Resources */ = {isa = PBXBuildFile; fileRef = F209EEE72ADC82F500528186 /* Cairo-Bold.ttf */; };
		F209EEF02ADC82F500528186 /* Cairo-Medium.ttf in Resources */ = {isa = PBXBuildFile; fileRef = F209EEE82ADC82F500528186 /* Cairo-Medium.ttf */; };
		F209EEF12ADC82F500528186 /* Cairo-SemiBold.ttf in Resources */ = {isa = PBXBuildFile; fileRef = F209EEE92ADC82F500528186 /* Cairo-SemiBold.ttf */; };
		F209EEF22ADC82F500528186 /* Cairo-ExtraBold.ttf in Resources */ = {isa = PBXBuildFile; fileRef = F209EEEA2ADC82F500528186 /* Cairo-ExtraBold.ttf */; };
		F209EEF32ADC82F500528186 /* Cairo-Black.ttf in Resources */ = {isa = PBXBuildFile; fileRef = F209EEEB2ADC82F500528186 /* Cairo-Black.ttf */; };
		F209EEF42ADC82F500528186 /* Cairo-Regular.ttf in Resources */ = {isa = PBXBuildFile; fileRef = F209EEEC2ADC82F500528186 /* Cairo-Regular.ttf */; };
		F209EEF62ADC8F5400528186 /* Extensions.swift in Sources */ = {isa = PBXBuildFile; fileRef = F209EEF52ADC8F5400528186 /* Extensions.swift */; };
		F22733442AE423DF004CC897 /* PendingRequestsCell.swift in Sources */ = {isa = PBXBuildFile; fileRef = F22733422AE423DF004CC897 /* PendingRequestsCell.swift */; };
		F22733452AE423DF004CC897 /* PendingRequestsCell.xib in Resources */ = {isa = PBXBuildFile; fileRef = F22733432AE423DF004CC897 /* PendingRequestsCell.xib */; };
		F22733472AE43841004CC897 /* SalonOrderModel.swift in Sources */ = {isa = PBXBuildFile; fileRef = F22733462AE43841004CC897 /* SalonOrderModel.swift */; };
		F22733492AE43D78004CC897 /* CollectionViewExt.swift in Sources */ = {isa = PBXBuildFile; fileRef = F22733482AE43D78004CC897 /* CollectionViewExt.swift */; };
		F227334B2AE43FA8004CC897 /* EmptyPendingRequestView.swift in Sources */ = {isa = PBXBuildFile; fileRef = F227334A2AE43FA8004CC897 /* EmptyPendingRequestView.swift */; };
		F227334D2AE44033004CC897 /* EmptyPendingRequestView.xib in Resources */ = {isa = PBXBuildFile; fileRef = F227334C2AE44033004CC897 /* EmptyPendingRequestView.xib */; };
		F227334F2AE472F5004CC897 /* TableViewExt.swift in Sources */ = {isa = PBXBuildFile; fileRef = F227334E2AE472F5004CC897 /* TableViewExt.swift */; };
		F22733532AE4733A004CC897 /* ServicesCell.swift in Sources */ = {isa = PBXBuildFile; fileRef = F22733512AE4733A004CC897 /* ServicesCell.swift */; };
		F22733542AE4733A004CC897 /* ServicesCell.xib in Resources */ = {isa = PBXBuildFile; fileRef = F22733522AE4733A004CC897 /* ServicesCell.xib */; };
		F22733562AE48008004CC897 /* SalonServiceModel.swift in Sources */ = {isa = PBXBuildFile; fileRef = F22733552AE48008004CC897 /* SalonServiceModel.swift */; };
		F238491B2AE6EBD200B305C2 /* AddNewServiceVC.swift in Sources */ = {isa = PBXBuildFile; fileRef = F238491A2AE6EBD200B305C2 /* AddNewServiceVC.swift */; };
		F238491D2AE6EF8B00B305C2 /* SalonServiceVC.swift in Sources */ = {isa = PBXBuildFile; fileRef = F238491C2AE6EF8B00B305C2 /* SalonServiceVC.swift */; };
		F26010F22AE1820400261555 /* TabBarController.swift in Sources */ = {isa = PBXBuildFile; fileRef = F26010F12AE1820400261555 /* TabBarController.swift */; };
		F26010F42AE1850000261555 /* CustomTabBar.swift in Sources */ = {isa = PBXBuildFile; fileRef = F26010F32AE1850000261555 /* CustomTabBar.swift */; };
		F275F9492AE2FED8003BDD2F /* AddServicesView.swift in Sources */ = {isa = PBXBuildFile; fileRef = F275F9482AE2FED8003BDD2F /* AddServicesView.swift */; };
		F275F94B2AE2FFC8003BDD2F /* AddServicesView.xib in Resources */ = {isa = PBXBuildFile; fileRef = F275F94A2AE2FFC8003BDD2F /* AddServicesView.xib */; };
		F28F0E7A2AE1E2D70046168D /* HomeVC.swift in Sources */ = {isa = PBXBuildFile; fileRef = F28F0E792AE1E2D70046168D /* HomeVC.swift */; };
		F2A2F77C2ADD509C0039B9AB /* LoginVC.swift in Sources */ = {isa = PBXBuildFile; fileRef = F2A2F77B2ADD509C0039B9AB /* LoginVC.swift */; };
		F2A2F77E2ADD53B50039B9AB /* Constants.swift in Sources */ = {isa = PBXBuildFile; fileRef = F2A2F77D2ADD53B50039B9AB /* Constants.swift */; };
		F2A2F7812ADD8A240039B9AB /* TargetType.swift in Sources */ = {isa = PBXBuildFile; fileRef = F2A2F7802ADD8A240039B9AB /* TargetType.swift */; };
		F2A2F7832ADD8DC70039B9AB /* BaseApi.swift in Sources */ = {isa = PBXBuildFile; fileRef = F2A2F7822ADD8DC70039B9AB /* BaseApi.swift */; };
		F2A2F7852ADD93380039B9AB /* ErrorMessage.swift in Sources */ = {isa = PBXBuildFile; fileRef = F2A2F7842ADD93380039B9AB /* ErrorMessage.swift */; };
		F2A2F7882ADDB8C40039B9AB /* AuthSalonApiNetwork.swift in Sources */ = {isa = PBXBuildFile; fileRef = F2A2F7872ADDB8C40039B9AB /* AuthSalonApiNetwork.swift */; };
		F2A2F78A2ADDDBEA0039B9AB /* NetworkHelper.swift in Sources */ = {isa = PBXBuildFile; fileRef = F2A2F7892ADDDBEA0039B9AB /* NetworkHelper.swift */; };
		F2A2F78D2ADDDC780039B9AB /* User.swift in Sources */ = {isa = PBXBuildFile; fileRef = F2A2F78C2ADDDC780039B9AB /* User.swift */; };
		F2A2F7942ADDEDB60039B9AB /* Coder.swift in Sources */ = {isa = PBXBuildFile; fileRef = F2A2F7932ADDEDB60039B9AB /* Coder.swift */; };
		F2BDFCFA2AE7D72000DF9BED /* GetGategoriesModel.swift in Sources */ = {isa = PBXBuildFile; fileRef = F2BDFCF92AE7D72000DF9BED /* GetGategoriesModel.swift */; };
		F2BDFD022AE819E700DF9BED /* AddServiceCell.swift in Sources */ = {isa = PBXBuildFile; fileRef = F2BDFD002AE819E700DF9BED /* AddServiceCell.swift */; };
		F2BDFD032AE819E700DF9BED /* AddServiceCell.xib in Resources */ = {isa = PBXBuildFile; fileRef = F2BDFD012AE819E700DF9BED /* AddServiceCell.xib */; };
		F2C7BA6C2AE0291C001DF3A4 /* VerifyUserModel.swift in Sources */ = {isa = PBXBuildFile; fileRef = F2C7BA6B2AE0291C001DF3A4 /* VerifyUserModel.swift */; };
		F2C7BA6E2AE05145001DF3A4 /* Models.swift in Sources */ = {isa = PBXBuildFile; fileRef = F2C7BA6D2AE05145001DF3A4 /* Models.swift */; };
		F2D06CC62ADEC38300E2DD5B /* SalonAPI.swift in Sources */ = {isa = PBXBuildFile; fileRef = F2D06CC52ADEC38300E2DD5B /* SalonAPI.swift */; };
		F2D06CC82ADEC51600E2DD5B /* SalonResponse.swift in Sources */ = {isa = PBXBuildFile; fileRef = F2D06CC72ADEC51600E2DD5B /* SalonResponse.swift */; };
		F2D06CCA2ADEDF9000E2DD5B /* VerifacationCodeVC.swift in Sources */ = {isa = PBXBuildFile; fileRef = F2D06CC92ADEDF9000E2DD5B /* VerifacationCodeVC.swift */; };
/* End PBXBuildFile section */

/* Begin PBXFileReference section */
		0A7083AAE2C81AFB98DAA750 /* Pods_SalonatStationApp.framework */ = {isa = PBXFileReference; explicitFileType = wrapper.framework; includeInIndex = 0; path = Pods_SalonatStationApp.framework; sourceTree = BUILT_PRODUCTS_DIR; };
		7FE736C344617677381F2DC1 /* Pods-SalonatStationApp.debug.xcconfig */ = {isa = PBXFileReference; includeInIndex = 1; lastKnownFileType = text.xcconfig; name = "Pods-SalonatStationApp.debug.xcconfig"; path = "Target Support Files/Pods-SalonatStationApp/Pods-SalonatStationApp.debug.xcconfig"; sourceTree = "<group>"; };
		F02836512A3246F7E064A1C5 /* Pods-SalonatStationApp.release.xcconfig */ = {isa = PBXFileReference; includeInIndex = 1; lastKnownFileType = text.xcconfig; name = "Pods-SalonatStationApp.release.xcconfig"; path = "Target Support Files/Pods-SalonatStationApp/Pods-SalonatStationApp.release.xcconfig"; sourceTree = "<group>"; };
		F209EECD2ADC7A7C00528186 /* SalonatStationApp.app */ = {isa = PBXFileReference; explicitFileType = wrapper.application; includeInIndex = 0; path = SalonatStationApp.app; sourceTree = BUILT_PRODUCTS_DIR; };
		F209EED02ADC7A7C00528186 /* AppDelegate.swift */ = {isa = PBXFileReference; lastKnownFileType = sourcecode.swift; path = AppDelegate.swift; sourceTree = "<group>"; };
		F209EED22ADC7A7C00528186 /* SceneDelegate.swift */ = {isa = PBXFileReference; lastKnownFileType = sourcecode.swift; path = SceneDelegate.swift; sourceTree = "<group>"; };
		F209EED42ADC7A7C00528186 /* ViewController.swift */ = {isa = PBXFileReference; lastKnownFileType = sourcecode.swift; path = ViewController.swift; sourceTree = "<group>"; };
		F209EED72ADC7A7C00528186 /* Base */ = {isa = PBXFileReference; lastKnownFileType = file.storyboard; name = Base; path = Base.lproj/Main.storyboard; sourceTree = "<group>"; };
		F209EED92ADC7A7E00528186 /* Assets.xcassets */ = {isa = PBXFileReference; lastKnownFileType = folder.assetcatalog; path = Assets.xcassets; sourceTree = "<group>"; };
		F209EEDC2ADC7A7E00528186 /* Base */ = {isa = PBXFileReference; lastKnownFileType = file.storyboard; name = Base; path = Base.lproj/LaunchScreen.storyboard; sourceTree = "<group>"; };
		F209EEDE2ADC7A7E00528186 /* Info.plist */ = {isa = PBXFileReference; lastKnownFileType = text.plist.xml; path = Info.plist; sourceTree = "<group>"; };
		F209EEE52ADC82F400528186 /* Cairo-ExtraLight.ttf */ = {isa = PBXFileReference; lastKnownFileType = file; path = "Cairo-ExtraLight.ttf"; sourceTree = "<group>"; };
		F209EEE62ADC82F400528186 /* Cairo-Light.ttf */ = {isa = PBXFileReference; lastKnownFileType = file; path = "Cairo-Light.ttf"; sourceTree = "<group>"; };
		F209EEE72ADC82F500528186 /* Cairo-Bold.ttf */ = {isa = PBXFileReference; lastKnownFileType = file; path = "Cairo-Bold.ttf"; sourceTree = "<group>"; };
		F209EEE82ADC82F500528186 /* Cairo-Medium.ttf */ = {isa = PBXFileReference; lastKnownFileType = file; path = "Cairo-Medium.ttf"; sourceTree = "<group>"; };
		F209EEE92ADC82F500528186 /* Cairo-SemiBold.ttf */ = {isa = PBXFileReference; lastKnownFileType = file; path = "Cairo-SemiBold.ttf"; sourceTree = "<group>"; };
		F209EEEA2ADC82F500528186 /* Cairo-ExtraBold.ttf */ = {isa = PBXFileReference; lastKnownFileType = file; path = "Cairo-ExtraBold.ttf"; sourceTree = "<group>"; };
		F209EEEB2ADC82F500528186 /* Cairo-Black.ttf */ = {isa = PBXFileReference; lastKnownFileType = file; path = "Cairo-Black.ttf"; sourceTree = "<group>"; };
		F209EEEC2ADC82F500528186 /* Cairo-Regular.ttf */ = {isa = PBXFileReference; lastKnownFileType = file; path = "Cairo-Regular.ttf"; sourceTree = "<group>"; };
		F209EEF52ADC8F5400528186 /* Extensions.swift */ = {isa = PBXFileReference; lastKnownFileType = sourcecode.swift; path = Extensions.swift; sourceTree = "<group>"; };
		F22733422AE423DF004CC897 /* PendingRequestsCell.swift */ = {isa = PBXFileReference; lastKnownFileType = sourcecode.swift; path = PendingRequestsCell.swift; sourceTree = "<group>"; };
		F22733432AE423DF004CC897 /* PendingRequestsCell.xib */ = {isa = PBXFileReference; lastKnownFileType = file.xib; path = PendingRequestsCell.xib; sourceTree = "<group>"; };
		F22733462AE43841004CC897 /* SalonOrderModel.swift */ = {isa = PBXFileReference; lastKnownFileType = sourcecode.swift; path = SalonOrderModel.swift; sourceTree = "<group>"; };
		F22733482AE43D78004CC897 /* CollectionViewExt.swift */ = {isa = PBXFileReference; lastKnownFileType = sourcecode.swift; path = CollectionViewExt.swift; sourceTree = "<group>"; };
		F227334A2AE43FA8004CC897 /* EmptyPendingRequestView.swift */ = {isa = PBXFileReference; lastKnownFileType = sourcecode.swift; path = EmptyPendingRequestView.swift; sourceTree = "<group>"; };
		F227334C2AE44033004CC897 /* EmptyPendingRequestView.xib */ = {isa = PBXFileReference; lastKnownFileType = file.xib; path = EmptyPendingRequestView.xib; sourceTree = "<group>"; };
		F227334E2AE472F5004CC897 /* TableViewExt.swift */ = {isa = PBXFileReference; lastKnownFileType = sourcecode.swift; path = TableViewExt.swift; sourceTree = "<group>"; };
		F22733512AE4733A004CC897 /* ServicesCell.swift */ = {isa = PBXFileReference; lastKnownFileType = sourcecode.swift; path = ServicesCell.swift; sourceTree = "<group>"; };
		F22733522AE4733A004CC897 /* ServicesCell.xib */ = {isa = PBXFileReference; lastKnownFileType = file.xib; path = ServicesCell.xib; sourceTree = "<group>"; };
		F22733552AE48008004CC897 /* SalonServiceModel.swift */ = {isa = PBXFileReference; lastKnownFileType = sourcecode.swift; path = SalonServiceModel.swift; sourceTree = "<group>"; };
		F238491A2AE6EBD200B305C2 /* AddNewServiceVC.swift */ = {isa = PBXFileReference; lastKnownFileType = sourcecode.swift; path = AddNewServiceVC.swift; sourceTree = "<group>"; };
		F238491C2AE6EF8B00B305C2 /* SalonServiceVC.swift */ = {isa = PBXFileReference; lastKnownFileType = sourcecode.swift; path = SalonServiceVC.swift; sourceTree = "<group>"; };
		F26010F12AE1820400261555 /* TabBarController.swift */ = {isa = PBXFileReference; lastKnownFileType = sourcecode.swift; path = TabBarController.swift; sourceTree = "<group>"; };
		F26010F32AE1850000261555 /* CustomTabBar.swift */ = {isa = PBXFileReference; lastKnownFileType = sourcecode.swift; path = CustomTabBar.swift; sourceTree = "<group>"; };
		F275F9482AE2FED8003BDD2F /* AddServicesView.swift */ = {isa = PBXFileReference; lastKnownFileType = sourcecode.swift; path = AddServicesView.swift; sourceTree = "<group>"; };
		F275F94A2AE2FFC8003BDD2F /* AddServicesView.xib */ = {isa = PBXFileReference; lastKnownFileType = file.xib; path = AddServicesView.xib; sourceTree = "<group>"; };
		F28F0E792AE1E2D70046168D /* HomeVC.swift */ = {isa = PBXFileReference; lastKnownFileType = sourcecode.swift; path = HomeVC.swift; sourceTree = "<group>"; };
		F2A2F77B2ADD509C0039B9AB /* LoginVC.swift */ = {isa = PBXFileReference; lastKnownFileType = sourcecode.swift; path = LoginVC.swift; sourceTree = "<group>"; };
		F2A2F77D2ADD53B50039B9AB /* Constants.swift */ = {isa = PBXFileReference; lastKnownFileType = sourcecode.swift; path = Constants.swift; sourceTree = "<group>"; };
		F2A2F7802ADD8A240039B9AB /* TargetType.swift */ = {isa = PBXFileReference; lastKnownFileType = sourcecode.swift; path = TargetType.swift; sourceTree = "<group>"; };
		F2A2F7822ADD8DC70039B9AB /* BaseApi.swift */ = {isa = PBXFileReference; lastKnownFileType = sourcecode.swift; path = BaseApi.swift; sourceTree = "<group>"; };
		F2A2F7842ADD93380039B9AB /* ErrorMessage.swift */ = {isa = PBXFileReference; lastKnownFileType = sourcecode.swift; path = ErrorMessage.swift; sourceTree = "<group>"; };
		F2A2F7872ADDB8C40039B9AB /* AuthSalonApiNetwork.swift */ = {isa = PBXFileReference; lastKnownFileType = sourcecode.swift; path = AuthSalonApiNetwork.swift; sourceTree = "<group>"; };
		F2A2F7892ADDDBEA0039B9AB /* NetworkHelper.swift */ = {isa = PBXFileReference; lastKnownFileType = sourcecode.swift; path = NetworkHelper.swift; sourceTree = "<group>"; };
		F2A2F78C2ADDDC780039B9AB /* User.swift */ = {isa = PBXFileReference; lastKnownFileType = sourcecode.swift; path = User.swift; sourceTree = "<group>"; };
		F2A2F7932ADDEDB60039B9AB /* Coder.swift */ = {isa = PBXFileReference; lastKnownFileType = sourcecode.swift; path = Coder.swift; sourceTree = "<group>"; };
		F2BDFCF92AE7D72000DF9BED /* GetGategoriesModel.swift */ = {isa = PBXFileReference; lastKnownFileType = sourcecode.swift; path = GetGategoriesModel.swift; sourceTree = "<group>"; };
		F2BDFD002AE819E700DF9BED /* AddServiceCell.swift */ = {isa = PBXFileReference; lastKnownFileType = sourcecode.swift; path = AddServiceCell.swift; sourceTree = "<group>"; };
		F2BDFD012AE819E700DF9BED /* AddServiceCell.xib */ = {isa = PBXFileReference; lastKnownFileType = file.xib; path = AddServiceCell.xib; sourceTree = "<group>"; };
		F2C7BA6B2AE0291C001DF3A4 /* VerifyUserModel.swift */ = {isa = PBXFileReference; lastKnownFileType = sourcecode.swift; path = VerifyUserModel.swift; sourceTree = "<group>"; };
		F2C7BA6D2AE05145001DF3A4 /* Models.swift */ = {isa = PBXFileReference; lastKnownFileType = sourcecode.swift; path = Models.swift; sourceTree = "<group>"; };
		F2D06CC52ADEC38300E2DD5B /* SalonAPI.swift */ = {isa = PBXFileReference; lastKnownFileType = sourcecode.swift; path = SalonAPI.swift; sourceTree = "<group>"; };
		F2D06CC72ADEC51600E2DD5B /* SalonResponse.swift */ = {isa = PBXFileReference; lastKnownFileType = sourcecode.swift; path = SalonResponse.swift; sourceTree = "<group>"; };
		F2D06CC92ADEDF9000E2DD5B /* VerifacationCodeVC.swift */ = {isa = PBXFileReference; lastKnownFileType = sourcecode.swift; path = VerifacationCodeVC.swift; sourceTree = "<group>"; };
/* End PBXFileReference section */

/* Begin PBXFrameworksBuildPhase section */
		F209EECA2ADC7A7C00528186 /* Frameworks */ = {
			isa = PBXFrameworksBuildPhase;
			buildActionMask = 2147483647;
			files = (
				AB17520E6134095D08F8F36A /* Pods_SalonatStationApp.framework in Frameworks */,
			);
			runOnlyForDeploymentPostprocessing = 0;
		};
/* End PBXFrameworksBuildPhase section */

/* Begin PBXGroup section */
		1C73940538AAF044FCE74AFB /* Frameworks */ = {
			isa = PBXGroup;
			children = (
				0A7083AAE2C81AFB98DAA750 /* Pods_SalonatStationApp.framework */,
			);
			name = Frameworks;
			sourceTree = "<group>";
		};
		92F96A7FE20145AEA47F0B8B /* Pods */ = {
			isa = PBXGroup;
			children = (
				7FE736C344617677381F2DC1 /* Pods-SalonatStationApp.debug.xcconfig */,
				F02836512A3246F7E064A1C5 /* Pods-SalonatStationApp.release.xcconfig */,
			);
			path = Pods;
			sourceTree = "<group>";
		};
		F209EEC42ADC7A7C00528186 = {
			isa = PBXGroup;
			children = (
				F209EECF2ADC7A7C00528186 /* SalonatStationApp */,
				F209EECE2ADC7A7C00528186 /* Products */,
				92F96A7FE20145AEA47F0B8B /* Pods */,
				1C73940538AAF044FCE74AFB /* Frameworks */,
			);
			sourceTree = "<group>";
		};
		F209EECE2ADC7A7C00528186 /* Products */ = {
			isa = PBXGroup;
			children = (
				F209EECD2ADC7A7C00528186 /* SalonatStationApp.app */,
			);
			name = Products;
			sourceTree = "<group>";
		};
		F209EECF2ADC7A7C00528186 /* SalonatStationApp */ = {
			isa = PBXGroup;
			children = (
				F2A2F78E2ADDEC730039B9AB /* Helper */,
				F2A2F78B2ADDDC670039B9AB /* Model */,
				F2A2F7862ADDB83D0039B9AB /* AuthHandlingApis */,
				F2A2F77F2ADD89E80039B9AB /* Networking */,
				F26010F02AE1819800261555 /* Controllers */,
				F209EED62ADC7A7C00528186 /* Main.storyboard */,
				F209EED02ADC7A7C00528186 /* AppDelegate.swift */,
				F209EED22ADC7A7C00528186 /* SceneDelegate.swift */,
				F209EED92ADC7A7E00528186 /* Assets.xcassets */,
				F209EEDB2ADC7A7E00528186 /* LaunchScreen.storyboard */,
				F209EEDE2ADC7A7E00528186 /* Info.plist */,
				F209EEE42ADC824400528186 /* Fonts */,
			);
			path = SalonatStationApp;
			sourceTree = "<group>";
		};
		F209EEE42ADC824400528186 /* Fonts */ = {
			isa = PBXGroup;
			children = (
				F209EEEB2ADC82F500528186 /* Cairo-Black.ttf */,
				F209EEE72ADC82F500528186 /* Cairo-Bold.ttf */,
				F209EEEA2ADC82F500528186 /* Cairo-ExtraBold.ttf */,
				F209EEE52ADC82F400528186 /* Cairo-ExtraLight.ttf */,
				F209EEE62ADC82F400528186 /* Cairo-Light.ttf */,
				F209EEE82ADC82F500528186 /* Cairo-Medium.ttf */,
				F209EEEC2ADC82F500528186 /* Cairo-Regular.ttf */,
				F209EEE92ADC82F500528186 /* Cairo-SemiBold.ttf */,
			);
			path = Fonts;
			sourceTree = "<group>";
		};
		F22733412AE423AA004CC897 /* PendingRequesteCell */ = {
			isa = PBXGroup;
			children = (
				F22733422AE423DF004CC897 /* PendingRequestsCell.swift */,
				F22733432AE423DF004CC897 /* PendingRequestsCell.xib */,
			);
			path = PendingRequesteCell;
			sourceTree = "<group>";
		};
		F22733502AE47304004CC897 /* ServicesCell */ = {
			isa = PBXGroup;
			children = (
				F22733512AE4733A004CC897 /* ServicesCell.swift */,
				F22733522AE4733A004CC897 /* ServicesCell.xib */,
			);
			path = ServicesCell;
			sourceTree = "<group>";
		};
		F26010F02AE1819800261555 /* Controllers */ = {
			isa = PBXGroup;
			children = (
				F275F9472AE2FEBA003BDD2F /* Views */,
				F209EED42ADC7A7C00528186 /* ViewController.swift */,
				F2A2F77B2ADD509C0039B9AB /* LoginVC.swift */,
				F2D06CC92ADEDF9000E2DD5B /* VerifacationCodeVC.swift */,
				F26010F12AE1820400261555 /* TabBarController.swift */,
				F28F0E792AE1E2D70046168D /* HomeVC.swift */,
				F227334E2AE472F5004CC897 /* TableViewExt.swift */,
				F22733482AE43D78004CC897 /* CollectionViewExt.swift */,
				F238491C2AE6EF8B00B305C2 /* SalonServiceVC.swift */,
				F238491A2AE6EBD200B305C2 /* AddNewServiceVC.swift */,
				F2BDFCFB2AE812F600DF9BED /* AddServiceCell */,
			);
			path = Controllers;
			sourceTree = "<group>";
		};
		F275F9472AE2FEBA003BDD2F /* Views */ = {
			isa = PBXGroup;
			children = (
				F22733502AE47304004CC897 /* ServicesCell */,
				F22733412AE423AA004CC897 /* PendingRequesteCell */,
				F227334A2AE43FA8004CC897 /* EmptyPendingRequestView.swift */,
				F227334C2AE44033004CC897 /* EmptyPendingRequestView.xib */,
				F275F9482AE2FED8003BDD2F /* AddServicesView.swift */,
				F275F94A2AE2FFC8003BDD2F /* AddServicesView.xib */,
			);
			path = Views;
			sourceTree = "<group>";
		};
		F2A2F77F2ADD89E80039B9AB /* Networking */ = {
			isa = PBXGroup;
			children = (
				F2A2F7802ADD8A240039B9AB /* TargetType.swift */,
				F2A2F7822ADD8DC70039B9AB /* BaseApi.swift */,
				F2A2F7842ADD93380039B9AB /* ErrorMessage.swift */,
				F2A2F7892ADDDBEA0039B9AB /* NetworkHelper.swift */,
			);
			path = Networking;
			sourceTree = "<group>";
		};
		F2A2F7862ADDB83D0039B9AB /* AuthHandlingApis */ = {
			isa = PBXGroup;
			children = (
				F2A2F7872ADDB8C40039B9AB /* AuthSalonApiNetwork.swift */,
				F2D06CC52ADEC38300E2DD5B /* SalonAPI.swift */,
				F2D06CC72ADEC51600E2DD5B /* SalonResponse.swift */,
				F2C7BA6B2AE0291C001DF3A4 /* VerifyUserModel.swift */,
				F22733462AE43841004CC897 /* SalonOrderModel.swift */,
				F22733552AE48008004CC897 /* SalonServiceModel.swift */,
				F2BDFCF92AE7D72000DF9BED /* GetGategoriesModel.swift */,
			);
			path = AuthHandlingApis;
			sourceTree = "<group>";
		};
		F2A2F78B2ADDDC670039B9AB /* Model */ = {
			isa = PBXGroup;
			children = (
				F2A2F78C2ADDDC780039B9AB /* User.swift */,
				F2C7BA6D2AE05145001DF3A4 /* Models.swift */,
			);
			path = Model;
			sourceTree = "<group>";
		};
		F2A2F78E2ADDEC730039B9AB /* Helper */ = {
			isa = PBXGroup;
			children = (
				F209EEF52ADC8F5400528186 /* Extensions.swift */,
				F2A2F77D2ADD53B50039B9AB /* Constants.swift */,
				F2A2F7932ADDEDB60039B9AB /* Coder.swift */,
				F26010F32AE1850000261555 /* CustomTabBar.swift */,
			);
			path = Helper;
			sourceTree = "<group>";
		};
		F2BDFCFB2AE812F600DF9BED /* AddServiceCell */ = {
			isa = PBXGroup;
			children = (
				F2BDFD002AE819E700DF9BED /* AddServiceCell.swift */,
				F2BDFD012AE819E700DF9BED /* AddServiceCell.xib */,
			);
			path = AddServiceCell;
			sourceTree = "<group>";
		};
/* End PBXGroup section */

/* Begin PBXNativeTarget section */
		F209EECC2ADC7A7C00528186 /* SalonatStationApp */ = {
			isa = PBXNativeTarget;
			buildConfigurationList = F209EEE12ADC7A7E00528186 /* Build configuration list for PBXNativeTarget "SalonatStationApp" */;
			buildPhases = (
				B1D2D28E9273258577ECDAE6 /* [CP] Check Pods Manifest.lock */,
				F209EEC92ADC7A7C00528186 /* Sources */,
				F209EECA2ADC7A7C00528186 /* Frameworks */,
				F209EECB2ADC7A7C00528186 /* Resources */,
				E29161697A75905EA4F5D1F3 /* [CP] Embed Pods Frameworks */,
			);
			buildRules = (
			);
			dependencies = (
			);
			name = SalonatStationApp;
			productName = SalonatStationApp;
			productReference = F209EECD2ADC7A7C00528186 /* SalonatStationApp.app */;
			productType = "com.apple.product-type.application";
		};
/* End PBXNativeTarget section */

/* Begin PBXProject section */
		F209EEC52ADC7A7C00528186 /* Project object */ = {
			isa = PBXProject;
			attributes = {
				BuildIndependentTargetsInParallel = 1;
				LastSwiftUpdateCheck = 1430;
				LastUpgradeCheck = 1430;
				TargetAttributes = {
					F209EECC2ADC7A7C00528186 = {
						CreatedOnToolsVersion = 14.3.1;
					};
				};
			};
			buildConfigurationList = F209EEC82ADC7A7C00528186 /* Build configuration list for PBXProject "SalonatStationApp" */;
			compatibilityVersion = "Xcode 14.0";
			developmentRegion = en;
			hasScannedForEncodings = 0;
			knownRegions = (
				en,
				Base,
			);
			mainGroup = F209EEC42ADC7A7C00528186;
			productRefGroup = F209EECE2ADC7A7C00528186 /* Products */;
			projectDirPath = "";
			projectRoot = "";
			targets = (
				F209EECC2ADC7A7C00528186 /* SalonatStationApp */,
			);
		};
/* End PBXProject section */

/* Begin PBXResourcesBuildPhase section */
		F209EECB2ADC7A7C00528186 /* Resources */ = {
			isa = PBXResourcesBuildPhase;
			buildActionMask = 2147483647;
			files = (
				F209EEF12ADC82F500528186 /* Cairo-SemiBold.ttf in Resources */,
				F22733542AE4733A004CC897 /* ServicesCell.xib in Resources */,
				F209EEEE2ADC82F500528186 /* Cairo-Light.ttf in Resources */,
				F209EEDD2ADC7A7E00528186 /* LaunchScreen.storyboard in Resources */,
				F209EEF22ADC82F500528186 /* Cairo-ExtraBold.ttf in Resources */,
				F227334D2AE44033004CC897 /* EmptyPendingRequestView.xib in Resources */,
				F209EEDA2ADC7A7E00528186 /* Assets.xcassets in Resources */,
				F209EEF02ADC82F500528186 /* Cairo-Medium.ttf in Resources */,
				F209EEF42ADC82F500528186 /* Cairo-Regular.ttf in Resources */,
				F209EED82ADC7A7C00528186 /* Main.storyboard in Resources */,
				F275F94B2AE2FFC8003BDD2F /* AddServicesView.xib in Resources */,
				F22733452AE423DF004CC897 /* PendingRequestsCell.xib in Resources */,
				F209EEF32ADC82F500528186 /* Cairo-Black.ttf in Resources */,
				F2BDFD032AE819E700DF9BED /* AddServiceCell.xib in Resources */,
				F209EEEF2ADC82F500528186 /* Cairo-Bold.ttf in Resources */,
				F209EEED2ADC82F500528186 /* Cairo-ExtraLight.ttf in Resources */,
			);
			runOnlyForDeploymentPostprocessing = 0;
		};
/* End PBXResourcesBuildPhase section */

/* Begin PBXShellScriptBuildPhase section */
		B1D2D28E9273258577ECDAE6 /* [CP] Check Pods Manifest.lock */ = {
			isa = PBXShellScriptBuildPhase;
			buildActionMask = 2147483647;
			files = (
			);
			inputFileListPaths = (
			);
			inputPaths = (
				"${PODS_PODFILE_DIR_PATH}/Podfile.lock",
				"${PODS_ROOT}/Manifest.lock",
			);
			name = "[CP] Check Pods Manifest.lock";
			outputFileListPaths = (
			);
			outputPaths = (
				"$(DERIVED_FILE_DIR)/Pods-SalonatStationApp-checkManifestLockResult.txt",
			);
			runOnlyForDeploymentPostprocessing = 0;
			shellPath = /bin/sh;
			shellScript = "diff \"${PODS_PODFILE_DIR_PATH}/Podfile.lock\" \"${PODS_ROOT}/Manifest.lock\" > /dev/null\nif [ $? != 0 ] ; then\n    # print error to STDERR\n    echo \"error: The sandbox is not in sync with the Podfile.lock. Run 'pod install' or update your CocoaPods installation.\" >&2\n    exit 1\nfi\n# This output is used by Xcode 'outputs' to avoid re-running this script phase.\necho \"SUCCESS\" > \"${SCRIPT_OUTPUT_FILE_0}\"\n";
			showEnvVarsInLog = 0;
		};
		E29161697A75905EA4F5D1F3 /* [CP] Embed Pods Frameworks */ = {
			isa = PBXShellScriptBuildPhase;
			buildActionMask = 2147483647;
			files = (
			);
			inputFileListPaths = (
				"${PODS_ROOT}/Target Support Files/Pods-SalonatStationApp/Pods-SalonatStationApp-frameworks-${CONFIGURATION}-input-files.xcfilelist",
			);
			name = "[CP] Embed Pods Frameworks";
			outputFileListPaths = (
				"${PODS_ROOT}/Target Support Files/Pods-SalonatStationApp/Pods-SalonatStationApp-frameworks-${CONFIGURATION}-output-files.xcfilelist",
			);
			runOnlyForDeploymentPostprocessing = 0;
			shellPath = /bin/sh;
			shellScript = "\"${PODS_ROOT}/Target Support Files/Pods-SalonatStationApp/Pods-SalonatStationApp-frameworks.sh\"\n";
			showEnvVarsInLog = 0;
		};
/* End PBXShellScriptBuildPhase section */

/* Begin PBXSourcesBuildPhase section */
		F209EEC92ADC7A7C00528186 /* Sources */ = {
			isa = PBXSourcesBuildPhase;
			buildActionMask = 2147483647;
			files = (
				F209EED52ADC7A7C00528186 /* ViewController.swift in Sources */,
				F22733442AE423DF004CC897 /* PendingRequestsCell.swift in Sources */,
				F2A2F7882ADDB8C40039B9AB /* AuthSalonApiNetwork.swift in Sources */,
				F2D06CCA2ADEDF9000E2DD5B /* VerifacationCodeVC.swift in Sources */,
				F22733472AE43841004CC897 /* SalonOrderModel.swift in Sources */,
				F209EED12ADC7A7C00528186 /* AppDelegate.swift in Sources */,
				F22733562AE48008004CC897 /* SalonServiceModel.swift in Sources */,
				F209EED32ADC7A7C00528186 /* SceneDelegate.swift in Sources */,
				F2A2F78A2ADDDBEA0039B9AB /* NetworkHelper.swift in Sources */,
				F209EEF62ADC8F5400528186 /* Extensions.swift in Sources */,
				F2D06CC62ADEC38300E2DD5B /* SalonAPI.swift in Sources */,
				F227334B2AE43FA8004CC897 /* EmptyPendingRequestView.swift in Sources */,
				F227334F2AE472F5004CC897 /* TableViewExt.swift in Sources */,
				F2A2F7852ADD93380039B9AB /* ErrorMessage.swift in Sources */,
				F2BDFCFA2AE7D72000DF9BED /* GetGategoriesModel.swift in Sources */,
				F2A2F77C2ADD509C0039B9AB /* LoginVC.swift in Sources */,
				F238491D2AE6EF8B00B305C2 /* SalonServiceVC.swift in Sources */,
				F2BDFD022AE819E700DF9BED /* AddServiceCell.swift in Sources */,
				F238491B2AE6EBD200B305C2 /* AddNewServiceVC.swift in Sources */,
				F26010F22AE1820400261555 /* TabBarController.swift in Sources */,
				F2A2F78D2ADDDC780039B9AB /* User.swift in Sources */,
				F2A2F7942ADDEDB60039B9AB /* Coder.swift in Sources */,
				F22733492AE43D78004CC897 /* CollectionViewExt.swift in Sources */,
				F2A2F7832ADD8DC70039B9AB /* BaseApi.swift in Sources */,
				F2A2F77E2ADD53B50039B9AB /* Constants.swift in Sources */,
				F28F0E7A2AE1E2D70046168D /* HomeVC.swift in Sources */,
				F2D06CC82ADEC51600E2DD5B /* SalonResponse.swift in Sources */,
				F26010F42AE1850000261555 /* CustomTabBar.swift in Sources */,
				F275F9492AE2FED8003BDD2F /* AddServicesView.swift in Sources */,
				F22733532AE4733A004CC897 /* ServicesCell.swift in Sources */,
				F2C7BA6E2AE05145001DF3A4 /* Models.swift in Sources */,
				F2A2F7812ADD8A240039B9AB /* TargetType.swift in Sources */,
				F2C7BA6C2AE0291C001DF3A4 /* VerifyUserModel.swift in Sources */,
			);
			runOnlyForDeploymentPostprocessing = 0;
		};
/* End PBXSourcesBuildPhase section */

/* Begin PBXVariantGroup section */
		F209EED62ADC7A7C00528186 /* Main.storyboard */ = {
			isa = PBXVariantGroup;
			children = (
				F209EED72ADC7A7C00528186 /* Base */,
			);
			name = Main.storyboard;
			sourceTree = "<group>";
		};
		F209EEDB2ADC7A7E00528186 /* LaunchScreen.storyboard */ = {
			isa = PBXVariantGroup;
			children = (
				F209EEDC2ADC7A7E00528186 /* Base */,
			);
			name = LaunchScreen.storyboard;
			sourceTree = "<group>";
		};
/* End PBXVariantGroup section */

/* Begin XCBuildConfiguration section */
		F209EEDF2ADC7A7E00528186 /* Debug */ = {
			isa = XCBuildConfiguration;
			buildSettings = {
				ALWAYS_SEARCH_USER_PATHS = NO;
				CLANG_ANALYZER_NONNULL = YES;
				CLANG_ANALYZER_NUMBER_OBJECT_CONVERSION = YES_AGGRESSIVE;
				CLANG_CXX_LANGUAGE_STANDARD = "gnu++20";
				CLANG_ENABLE_MODULES = YES;
				CLANG_ENABLE_OBJC_ARC = YES;
				CLANG_ENABLE_OBJC_WEAK = YES;
				CLANG_WARN_BLOCK_CAPTURE_AUTORELEASING = YES;
				CLANG_WARN_BOOL_CONVERSION = YES;
				CLANG_WARN_COMMA = YES;
				CLANG_WARN_CONSTANT_CONVERSION = YES;
				CLANG_WARN_DEPRECATED_OBJC_IMPLEMENTATIONS = YES;
				CLANG_WARN_DIRECT_OBJC_ISA_USAGE = YES_ERROR;
				CLANG_WARN_DOCUMENTATION_COMMENTS = YES;
				CLANG_WARN_EMPTY_BODY = YES;
				CLANG_WARN_ENUM_CONVERSION = YES;
				CLANG_WARN_INFINITE_RECURSION = YES;
				CLANG_WARN_INT_CONVERSION = YES;
				CLANG_WARN_NON_LITERAL_NULL_CONVERSION = YES;
				CLANG_WARN_OBJC_IMPLICIT_RETAIN_SELF = YES;
				CLANG_WARN_OBJC_LITERAL_CONVERSION = YES;
				CLANG_WARN_OBJC_ROOT_CLASS = YES_ERROR;
				CLANG_WARN_QUOTED_INCLUDE_IN_FRAMEWORK_HEADER = YES;
				CLANG_WARN_RANGE_LOOP_ANALYSIS = YES;
				CLANG_WARN_STRICT_PROTOTYPES = YES;
				CLANG_WARN_SUSPICIOUS_MOVE = YES;
				CLANG_WARN_UNGUARDED_AVAILABILITY = YES_AGGRESSIVE;
				CLANG_WARN_UNREACHABLE_CODE = YES;
				CLANG_WARN__DUPLICATE_METHOD_MATCH = YES;
				COPY_PHASE_STRIP = NO;
				DEBUG_INFORMATION_FORMAT = dwarf;
				ENABLE_STRICT_OBJC_MSGSEND = YES;
				ENABLE_TESTABILITY = YES;
				GCC_C_LANGUAGE_STANDARD = gnu11;
				GCC_DYNAMIC_NO_PIC = NO;
				GCC_NO_COMMON_BLOCKS = YES;
				GCC_OPTIMIZATION_LEVEL = 0;
				GCC_PREPROCESSOR_DEFINITIONS = (
					"DEBUG=1",
					"$(inherited)",
				);
				GCC_WARN_64_TO_32_BIT_CONVERSION = YES;
				GCC_WARN_ABOUT_RETURN_TYPE = YES_ERROR;
				GCC_WARN_UNDECLARED_SELECTOR = YES;
				GCC_WARN_UNINITIALIZED_AUTOS = YES_AGGRESSIVE;
				GCC_WARN_UNUSED_FUNCTION = YES;
				GCC_WARN_UNUSED_VARIABLE = YES;
				IPHONEOS_DEPLOYMENT_TARGET = 16.4;
				MTL_ENABLE_DEBUG_INFO = INCLUDE_SOURCE;
				MTL_FAST_MATH = YES;
				ONLY_ACTIVE_ARCH = YES;
				SDKROOT = iphoneos;
				SWIFT_ACTIVE_COMPILATION_CONDITIONS = DEBUG;
				SWIFT_OPTIMIZATION_LEVEL = "-Onone";
			};
			name = Debug;
		};
		F209EEE02ADC7A7E00528186 /* Release */ = {
			isa = XCBuildConfiguration;
			buildSettings = {
				ALWAYS_SEARCH_USER_PATHS = NO;
				CLANG_ANALYZER_NONNULL = YES;
				CLANG_ANALYZER_NUMBER_OBJECT_CONVERSION = YES_AGGRESSIVE;
				CLANG_CXX_LANGUAGE_STANDARD = "gnu++20";
				CLANG_ENABLE_MODULES = YES;
				CLANG_ENABLE_OBJC_ARC = YES;
				CLANG_ENABLE_OBJC_WEAK = YES;
				CLANG_WARN_BLOCK_CAPTURE_AUTORELEASING = YES;
				CLANG_WARN_BOOL_CONVERSION = YES;
				CLANG_WARN_COMMA = YES;
				CLANG_WARN_CONSTANT_CONVERSION = YES;
				CLANG_WARN_DEPRECATED_OBJC_IMPLEMENTATIONS = YES;
				CLANG_WARN_DIRECT_OBJC_ISA_USAGE = YES_ERROR;
				CLANG_WARN_DOCUMENTATION_COMMENTS = YES;
				CLANG_WARN_EMPTY_BODY = YES;
				CLANG_WARN_ENUM_CONVERSION = YES;
				CLANG_WARN_INFINITE_RECURSION = YES;
				CLANG_WARN_INT_CONVERSION = YES;
				CLANG_WARN_NON_LITERAL_NULL_CONVERSION = YES;
				CLANG_WARN_OBJC_IMPLICIT_RETAIN_SELF = YES;
				CLANG_WARN_OBJC_LITERAL_CONVERSION = YES;
				CLANG_WARN_OBJC_ROOT_CLASS = YES_ERROR;
				CLANG_WARN_QUOTED_INCLUDE_IN_FRAMEWORK_HEADER = YES;
				CLANG_WARN_RANGE_LOOP_ANALYSIS = YES;
				CLANG_WARN_STRICT_PROTOTYPES = YES;
				CLANG_WARN_SUSPICIOUS_MOVE = YES;
				CLANG_WARN_UNGUARDED_AVAILABILITY = YES_AGGRESSIVE;
				CLANG_WARN_UNREACHABLE_CODE = YES;
				CLANG_WARN__DUPLICATE_METHOD_MATCH = YES;
				COPY_PHASE_STRIP = NO;
				DEBUG_INFORMATION_FORMAT = "dwarf-with-dsym";
				ENABLE_NS_ASSERTIONS = NO;
				ENABLE_STRICT_OBJC_MSGSEND = YES;
				GCC_C_LANGUAGE_STANDARD = gnu11;
				GCC_NO_COMMON_BLOCKS = YES;
				GCC_WARN_64_TO_32_BIT_CONVERSION = YES;
				GCC_WARN_ABOUT_RETURN_TYPE = YES_ERROR;
				GCC_WARN_UNDECLARED_SELECTOR = YES;
				GCC_WARN_UNINITIALIZED_AUTOS = YES_AGGRESSIVE;
				GCC_WARN_UNUSED_FUNCTION = YES;
				GCC_WARN_UNUSED_VARIABLE = YES;
				IPHONEOS_DEPLOYMENT_TARGET = 16.4;
				MTL_ENABLE_DEBUG_INFO = NO;
				MTL_FAST_MATH = YES;
				SDKROOT = iphoneos;
				SWIFT_COMPILATION_MODE = wholemodule;
				SWIFT_OPTIMIZATION_LEVEL = "-O";
				VALIDATE_PRODUCT = YES;
			};
			name = Release;
		};
		F209EEE22ADC7A7E00528186 /* Debug */ = {
			isa = XCBuildConfiguration;
			baseConfigurationReference = 7FE736C344617677381F2DC1 /* Pods-SalonatStationApp.debug.xcconfig */;
			buildSettings = {
				ASSETCATALOG_COMPILER_APPICON_NAME = AppIcon;
				ASSETCATALOG_COMPILER_GLOBAL_ACCENT_COLOR_NAME = AccentColor;
				CODE_SIGN_STYLE = Automatic;
				CURRENT_PROJECT_VERSION = 1;
				GENERATE_INFOPLIST_FILE = YES;
				INFOPLIST_FILE = SalonatStationApp/Info.plist;
				INFOPLIST_KEY_UIApplicationSupportsIndirectInputEvents = YES;
				INFOPLIST_KEY_UILaunchStoryboardName = LaunchScreen;
				INFOPLIST_KEY_UIMainStoryboardFile = Main;
				INFOPLIST_KEY_UISupportedInterfaceOrientations_iPad = "UIInterfaceOrientationPortrait UIInterfaceOrientationPortraitUpsideDown UIInterfaceOrientationLandscapeLeft UIInterfaceOrientationLandscapeRight";
				INFOPLIST_KEY_UISupportedInterfaceOrientations_iPhone = "UIInterfaceOrientationPortrait UIInterfaceOrientationLandscapeLeft UIInterfaceOrientationLandscapeRight";
				LD_RUNPATH_SEARCH_PATHS = (
					"$(inherited)",
					"@executable_path/Frameworks",
				);
				MARKETING_VERSION = 1.0;
				PRODUCT_BUNDLE_IDENTIFIER = com.kareem.SalonatStationApp;
				PRODUCT_NAME = "$(TARGET_NAME)";
				SWIFT_EMIT_LOC_STRINGS = YES;
				SWIFT_VERSION = 5.0;
				TARGETED_DEVICE_FAMILY = "1,2";
			};
			name = Debug;
		};
		F209EEE32ADC7A7E00528186 /* Release */ = {
			isa = XCBuildConfiguration;
			baseConfigurationReference = F02836512A3246F7E064A1C5 /* Pods-SalonatStationApp.release.xcconfig */;
			buildSettings = {
				ASSETCATALOG_COMPILER_APPICON_NAME = AppIcon;
				ASSETCATALOG_COMPILER_GLOBAL_ACCENT_COLOR_NAME = AccentColor;
				CODE_SIGN_STYLE = Automatic;
				CURRENT_PROJECT_VERSION = 1;
				GENERATE_INFOPLIST_FILE = YES;
				INFOPLIST_FILE = SalonatStationApp/Info.plist;
				INFOPLIST_KEY_UIApplicationSupportsIndirectInputEvents = YES;
				INFOPLIST_KEY_UILaunchStoryboardName = LaunchScreen;
				INFOPLIST_KEY_UIMainStoryboardFile = Main;
				INFOPLIST_KEY_UISupportedInterfaceOrientations_iPad = "UIInterfaceOrientationPortrait UIInterfaceOrientationPortraitUpsideDown UIInterfaceOrientationLandscapeLeft UIInterfaceOrientationLandscapeRight";
				INFOPLIST_KEY_UISupportedInterfaceOrientations_iPhone = "UIInterfaceOrientationPortrait UIInterfaceOrientationLandscapeLeft UIInterfaceOrientationLandscapeRight";
				LD_RUNPATH_SEARCH_PATHS = (
					"$(inherited)",
					"@executable_path/Frameworks",
				);
				MARKETING_VERSION = 1.0;
				PRODUCT_BUNDLE_IDENTIFIER = com.kareem.SalonatStationApp;
				PRODUCT_NAME = "$(TARGET_NAME)";
				SWIFT_EMIT_LOC_STRINGS = YES;
				SWIFT_VERSION = 5.0;
				TARGETED_DEVICE_FAMILY = "1,2";
			};
			name = Release;
		};
/* End XCBuildConfiguration section */

/* Begin XCConfigurationList section */
		F209EEC82ADC7A7C00528186 /* Build configuration list for PBXProject "SalonatStationApp" */ = {
			isa = XCConfigurationList;
			buildConfigurations = (
				F209EEDF2ADC7A7E00528186 /* Debug */,
				F209EEE02ADC7A7E00528186 /* Release */,
			);
			defaultConfigurationIsVisible = 0;
			defaultConfigurationName = Release;
		};
		F209EEE12ADC7A7E00528186 /* Build configuration list for PBXNativeTarget "SalonatStationApp" */ = {
			isa = XCConfigurationList;
			buildConfigurations = (
				F209EEE22ADC7A7E00528186 /* Debug */,
				F209EEE32ADC7A7E00528186 /* Release */,
			);
			defaultConfigurationIsVisible = 0;
			defaultConfigurationName = Release;
		};
/* End XCConfigurationList section */
	};
	rootObject = F209EEC52ADC7A7C00528186 /* Project object */;
}
